
Microsoft Visual Studio Solution File, Format Version 12.00
# Visual Studio Version 16
VisualStudioVersion = 16.0.30523.141
MinimumVisualStudioVersion = 10.0.40219.1
Project("{9A19103F-16F7-4668-BE54-9A1E7A4F7556}") = "BlazorAdminPanel", "BlazorAdminPanel\BlazorAdminPanel.csproj", "{AD5CDCC0-BA69-4CF5-9626-43BCB7C0F5B2}"
EndProject
Global
	GlobalSection(SolutionConfigurationPlatforms) = preSolution
		Debug|Any CPU = Debug|Any CPU
		Release|Any CPU = Release|Any CPU
	EndGlobalSection
	GlobalSection(ProjectConfigurationPlatforms) = postSolution
		{AD5CDCC0-BA69-4CF5-9626-43BCB7C0F5B2}.Debug|Any CPU.ActiveCfg = Debug|Any CPU
		{AD5CDCC0-BA69-4CF5-9626-43BCB7C0F5B2}.Debug|Any CPU.Build.0 = Debug|Any CPU
		{AD5CDCC0-BA69-4CF5-9626-43BCB7C0F5B2}.Release|Any CPU.ActiveCfg = Release|Any CPU
		{AD5CDCC0-BA69-4CF5-9626-43BCB7C0F5B2}.Release|Any CPU.Build.0 = Release|Any CPU
	EndGlobalSection
	GlobalSection(SolutionProperties) = preSolution
		HideSolutionNode = FALSE
	EndGlobalSection
	GlobalSection(ExtensibilityGlobals) = postSolution
		SolutionGuid = {C5311C5B-D6A4-496A-8FCA-8A8D3AF38B64}
	EndGlobalSection
EndGlobal
